// !$*UTF8*$!
{
	archiveVersion = 1;
	classes = {
	};
	objectVersion = 48;
	objects = {

/* Begin PBXBuildFile section */
		15D83C4A2046875C005A18CD /* Star.cpp in Sources */ = {isa = PBXBuildFile; fileRef = 15D83C462046875C005A18CD /* Star.cpp */; };
		15D83C4B2046875C005A18CD /* NachenBlaster.cpp in Sources */ = {isa = PBXBuildFile; fileRef = 15D83C472046875C005A18CD /* NachenBlaster.cpp */; };
		15D83C4E20468821005A18CD /* Explosion.cpp in Sources */ = {isa = PBXBuildFile; fileRef = 15D83C4C20468821005A18CD /* Explosion.cpp */; };
		15D83C5120468C9C005A18CD /* Cabbage.cpp in Sources */ = {isa = PBXBuildFile; fileRef = 15D83C4F20468C9C005A18CD /* Cabbage.cpp */; };
		15D83C5420468F01005A18CD /* DamageableObject.cpp in Sources */ = {isa = PBXBuildFile; fileRef = 15D83C5220468F01005A18CD /* DamageableObject.cpp */; };
		15D83C5720469254005A18CD /* Goodie.cpp in Sources */ = {isa = PBXBuildFile; fileRef = 15D83C5520469254005A18CD /* Goodie.cpp */; };
		15D83C5A20469766005A18CD /* ExtraLifeGoodie.cpp in Sources */ = {isa = PBXBuildFile; fileRef = 15D83C5820469766005A18CD /* ExtraLifeGoodie.cpp */; };
		15D83C5F204697BC005A18CD /* RepairGoodie.cpp in Sources */ = {isa = PBXBuildFile; fileRef = 15D83C5B204697BB005A18CD /* RepairGoodie.cpp */; };
		15D83C60204697BC005A18CD /* TorpedoGoodie.cpp in Sources */ = {isa = PBXBuildFile; fileRef = 15D83C5D204697BB005A18CD /* TorpedoGoodie.cpp */; };
		15D83C672046A763005A18CD /* Alien.cpp in Sources */ = {isa = PBXBuildFile; fileRef = 15D83C652046A763005A18CD /* Alien.cpp */; };
		15D83C6B2046B402005A18CD /* Projectile.cpp in Sources */ = {isa = PBXBuildFile; fileRef = 15D83C692046B402005A18CD /* Projectile.cpp */; };
		15D83C6E2047A337005A18CD /* Turnip.cpp in Sources */ = {isa = PBXBuildFile; fileRef = 15D83C6C2047A337005A18CD /* Turnip.cpp */; };
		15D83C712047B5B6005A18CD /* PlayerLaunchedTorpedo.cpp in Sources */ = {isa = PBXBuildFile; fileRef = 15D83C6F2047B5B6005A18CD /* PlayerLaunchedTorpedo.cpp */; };
		15D83C742047B82E005A18CD /* AlienLaunchedTorpedo.cpp in Sources */ = {isa = PBXBuildFile; fileRef = 15D83C722047B82E005A18CD /* AlienLaunchedTorpedo.cpp */; };
		15D83C782048BEBF005A18CD /* Smoregon.cpp in Sources */ = {isa = PBXBuildFile; fileRef = 15D83C762048BEBF005A18CD /* Smoregon.cpp */; };
		15D83C7B2048C4AF005A18CD /* Smallgon.cpp in Sources */ = {isa = PBXBuildFile; fileRef = 15D83C792048C4AF005A18CD /* Smallgon.cpp */; };
		15D83C7E2048C5EF005A18CD /* Snagglegon.cpp in Sources */ = {isa = PBXBuildFile; fileRef = 15D83C7C2048C5EF005A18CD /* Snagglegon.cpp */; };
		4B91F8BF2033F3F8003AFA78 /* GameWorld.cpp in Sources */ = {isa = PBXBuildFile; fileRef = 4B91F8B12033F3F7003AFA78 /* GameWorld.cpp */; };
		4B91F8C02033F3F8003AFA78 /* StudentWorld.cpp in Sources */ = {isa = PBXBuildFile; fileRef = 4B91F8B22033F3F7003AFA78 /* StudentWorld.cpp */; };
		4B91F8C12033F3F8003AFA78 /* main.cpp in Sources */ = {isa = PBXBuildFile; fileRef = 4B91F8B42033F3F7003AFA78 /* main.cpp */; };
		4B91F8C22033F3F8003AFA78 /* Actor.cpp in Sources */ = {isa = PBXBuildFile; fileRef = 4B91F8B62033F3F7003AFA78 /* Actor.cpp */; };
		4B91F8C32033F3F8003AFA78 /* GameController.cpp in Sources */ = {isa = PBXBuildFile; fileRef = 4B91F8B82033F3F7003AFA78 /* GameController.cpp */; };
		4B91F8C62034176C003AFA78 /* OpenGL.framework in Frameworks */ = {isa = PBXBuildFile; fileRef = 4B91F8C52034176C003AFA78 /* OpenGL.framework */; };
/* End PBXBuildFile section */

/* Begin PBXCopyFilesBuildPhase section */
		4B91F8A32033F260003AFA78 /* CopyFiles */ = {
			isa = PBXCopyFilesBuildPhase;
			buildActionMask = 2147483647;
			dstPath = /usr/share/man/man1/;
			dstSubfolderSpec = 0;
			files = (
			);
			runOnlyForDeploymentPostprocessing = 1;
		};
/* End PBXCopyFilesBuildPhase section */

/* Begin PBXFileReference section */
		15D83C462046875C005A18CD /* Star.cpp */ = {isa = PBXFileReference; fileEncoding = 4; lastKnownFileType = sourcecode.cpp.cpp; path = Star.cpp; sourceTree = "<group>"; };
		15D83C472046875C005A18CD /* NachenBlaster.cpp */ = {isa = PBXFileReference; fileEncoding = 4; lastKnownFileType = sourcecode.cpp.cpp; path = NachenBlaster.cpp; sourceTree = "<group>"; };
		15D83C482046875C005A18CD /* Star.h */ = {isa = PBXFileReference; fileEncoding = 4; lastKnownFileType = sourcecode.c.h; path = Star.h; sourceTree = "<group>"; };
		15D83C492046875C005A18CD /* NachenBlaster.h */ = {isa = PBXFileReference; fileEncoding = 4; lastKnownFileType = sourcecode.c.h; path = NachenBlaster.h; sourceTree = "<group>"; };
		15D83C4C20468821005A18CD /* Explosion.cpp */ = {isa = PBXFileReference; lastKnownFileType = sourcecode.cpp.cpp; path = Explosion.cpp; sourceTree = "<group>"; };
		15D83C4D20468821005A18CD /* Explosion.h */ = {isa = PBXFileReference; lastKnownFileType = sourcecode.c.h; path = Explosion.h; sourceTree = "<group>"; };
		15D83C4F20468C9C005A18CD /* Cabbage.cpp */ = {isa = PBXFileReference; lastKnownFileType = sourcecode.cpp.cpp; path = Cabbage.cpp; sourceTree = "<group>"; };
		15D83C5020468C9C005A18CD /* Cabbage.h */ = {isa = PBXFileReference; lastKnownFileType = sourcecode.c.h; path = Cabbage.h; sourceTree = "<group>"; };
		15D83C5220468F01005A18CD /* DamageableObject.cpp */ = {isa = PBXFileReference; lastKnownFileType = sourcecode.cpp.cpp; path = DamageableObject.cpp; sourceTree = "<group>"; };
		15D83C5320468F01005A18CD /* DamageableObject.h */ = {isa = PBXFileReference; lastKnownFileType = sourcecode.c.h; path = DamageableObject.h; sourceTree = "<group>"; };
		15D83C5520469254005A18CD /* Goodie.cpp */ = {isa = PBXFileReference; lastKnownFileType = sourcecode.cpp.cpp; path = Goodie.cpp; sourceTree = "<group>"; };
		15D83C5620469254005A18CD /* Goodie.h */ = {isa = PBXFileReference; lastKnownFileType = sourcecode.c.h; path = Goodie.h; sourceTree = "<group>"; };
		15D83C5820469766005A18CD /* ExtraLifeGoodie.cpp */ = {isa = PBXFileReference; lastKnownFileType = sourcecode.cpp.cpp; path = ExtraLifeGoodie.cpp; sourceTree = "<group>"; };
		15D83C5920469766005A18CD /* ExtraLifeGoodie.h */ = {isa = PBXFileReference; lastKnownFileType = sourcecode.c.h; path = ExtraLifeGoodie.h; sourceTree = "<group>"; };
		15D83C5B204697BB005A18CD /* RepairGoodie.cpp */ = {isa = PBXFileReference; fileEncoding = 4; lastKnownFileType = sourcecode.cpp.cpp; path = RepairGoodie.cpp; sourceTree = "<group>"; };
		15D83C5C204697BB005A18CD /* RepairGoodie.h */ = {isa = PBXFileReference; fileEncoding = 4; lastKnownFileType = sourcecode.c.h; path = RepairGoodie.h; sourceTree = "<group>"; };
		15D83C5D204697BB005A18CD /* TorpedoGoodie.cpp */ = {isa = PBXFileReference; fileEncoding = 4; lastKnownFileType = sourcecode.cpp.cpp; path = TorpedoGoodie.cpp; sourceTree = "<group>"; };
		15D83C5E204697BC005A18CD /* TorpedoGoodie.h */ = {isa = PBXFileReference; fileEncoding = 4; lastKnownFileType = sourcecode.c.h; path = TorpedoGoodie.h; sourceTree = "<group>"; };
		15D83C652046A763005A18CD /* Alien.cpp */ = {isa = PBXFileReference; lastKnownFileType = sourcecode.cpp.cpp; path = Alien.cpp; sourceTree = "<group>"; };
		15D83C662046A763005A18CD /* Alien.h */ = {isa = PBXFileReference; lastKnownFileType = sourcecode.c.h; path = Alien.h; sourceTree = "<group>"; };
		15D83C692046B402005A18CD /* Projectile.cpp */ = {isa = PBXFileReference; lastKnownFileType = sourcecode.cpp.cpp; path = Projectile.cpp; sourceTree = "<group>"; };
		15D83C6A2046B402005A18CD /* Projectile.h */ = {isa = PBXFileReference; lastKnownFileType = sourcecode.c.h; path = Projectile.h; sourceTree = "<group>"; };
		15D83C6C2047A337005A18CD /* Turnip.cpp */ = {isa = PBXFileReference; lastKnownFileType = sourcecode.cpp.cpp; path = Turnip.cpp; sourceTree = "<group>"; };
		15D83C6D2047A337005A18CD /* Turnip.h */ = {isa = PBXFileReference; lastKnownFileType = sourcecode.c.h; path = Turnip.h; sourceTree = "<group>"; };
		15D83C6F2047B5B6005A18CD /* PlayerLaunchedTorpedo.cpp */ = {isa = PBXFileReference; lastKnownFileType = sourcecode.cpp.cpp; path = PlayerLaunchedTorpedo.cpp; sourceTree = "<group>"; };
		15D83C702047B5B6005A18CD /* PlayerLaunchedTorpedo.h */ = {isa = PBXFileReference; lastKnownFileType = sourcecode.c.h; path = PlayerLaunchedTorpedo.h; sourceTree = "<group>"; };
		15D83C722047B82E005A18CD /* AlienLaunchedTorpedo.cpp */ = {isa = PBXFileReference; fileEncoding = 4; lastKnownFileType = sourcecode.cpp.cpp; path = AlienLaunchedTorpedo.cpp; sourceTree = "<group>"; };
		15D83C732047B82E005A18CD /* AlienLaunchedTorpedo.h */ = {isa = PBXFileReference; fileEncoding = 4; lastKnownFileType = sourcecode.c.h; path = AlienLaunchedTorpedo.h; sourceTree = "<group>"; };
		15D83C762048BEBF005A18CD /* Smoregon.cpp */ = {isa = PBXFileReference; lastKnownFileType = sourcecode.cpp.cpp; path = Smoregon.cpp; sourceTree = "<group>"; };
		15D83C772048BEBF005A18CD /* Smoregon.h */ = {isa = PBXFileReference; lastKnownFileType = sourcecode.c.h; path = Smoregon.h; sourceTree = "<group>"; };
		15D83C792048C4AF005A18CD /* Smallgon.cpp */ = {isa = PBXFileReference; lastKnownFileType = sourcecode.cpp.cpp; path = Smallgon.cpp; sourceTree = "<group>"; };
		15D83C7A2048C4AF005A18CD /* Smallgon.h */ = {isa = PBXFileReference; lastKnownFileType = sourcecode.c.h; path = Smallgon.h; sourceTree = "<group>"; };
		15D83C7C2048C5EF005A18CD /* Snagglegon.cpp */ = {isa = PBXFileReference; lastKnownFileType = sourcecode.cpp.cpp; path = Snagglegon.cpp; sourceTree = "<group>"; };
		15D83C7D2048C5EF005A18CD /* Snagglegon.h */ = {isa = PBXFileReference; lastKnownFileType = sourcecode.c.h; path = Snagglegon.h; sourceTree = "<group>"; };
		4B91F8A52033F260003AFA78 /* NachenBlaster */ = {isa = PBXFileReference; explicitFileType = "compiled.mach-o.executable"; includeInIndex = 0; path = NachenBlaster; sourceTree = BUILT_PRODUCTS_DIR; };
		4B91F8AF2033F3F7003AFA78 /* GraphObject.h */ = {isa = PBXFileReference; fileEncoding = 4; lastKnownFileType = sourcecode.c.h; path = GraphObject.h; sourceTree = "<group>"; };
		4B91F8B02033F3F7003AFA78 /* Actor.h */ = {isa = PBXFileReference; fileEncoding = 4; lastKnownFileType = sourcecode.c.h; path = Actor.h; sourceTree = "<group>"; };
		4B91F8B12033F3F7003AFA78 /* GameWorld.cpp */ = {isa = PBXFileReference; fileEncoding = 4; lastKnownFileType = sourcecode.cpp.cpp; path = GameWorld.cpp; sourceTree = "<group>"; };
		4B91F8B22033F3F7003AFA78 /* StudentWorld.cpp */ = {isa = PBXFileReference; fileEncoding = 4; lastKnownFileType = sourcecode.cpp.cpp; path = StudentWorld.cpp; sourceTree = "<group>"; };
		4B91F8B42033F3F7003AFA78 /* main.cpp */ = {isa = PBXFileReference; fileEncoding = 4; lastKnownFileType = sourcecode.cpp.cpp; path = main.cpp; sourceTree = "<group>"; };
		4B91F8B52033F3F7003AFA78 /* GameConstants.h */ = {isa = PBXFileReference; fileEncoding = 4; lastKnownFileType = sourcecode.c.h; path = GameConstants.h; sourceTree = "<group>"; };
		4B91F8B62033F3F7003AFA78 /* Actor.cpp */ = {isa = PBXFileReference; fileEncoding = 4; lastKnownFileType = sourcecode.cpp.cpp; path = Actor.cpp; sourceTree = "<group>"; };
		4B91F8B82033F3F7003AFA78 /* GameController.cpp */ = {isa = PBXFileReference; fileEncoding = 4; lastKnownFileType = sourcecode.cpp.cpp; path = GameController.cpp; sourceTree = "<group>"; };
		4B91F8BA2033F3F7003AFA78 /* GameController.h */ = {isa = PBXFileReference; fileEncoding = 4; lastKnownFileType = sourcecode.c.h; path = GameController.h; sourceTree = "<group>"; };
		4B91F8BB2033F3F7003AFA78 /* GameWorld.h */ = {isa = PBXFileReference; fileEncoding = 4; lastKnownFileType = sourcecode.c.h; path = GameWorld.h; sourceTree = "<group>"; };
		4B91F8BC2033F3F7003AFA78 /* SpriteManager.h */ = {isa = PBXFileReference; fileEncoding = 4; lastKnownFileType = sourcecode.c.h; path = SpriteManager.h; sourceTree = "<group>"; };
		4B91F8BD2033F3F8003AFA78 /* SoundFX.h */ = {isa = PBXFileReference; fileEncoding = 4; lastKnownFileType = sourcecode.c.h; path = SoundFX.h; sourceTree = "<group>"; };
		4B91F8BE2033F3F8003AFA78 /* StudentWorld.h */ = {isa = PBXFileReference; fileEncoding = 4; lastKnownFileType = sourcecode.c.h; path = StudentWorld.h; sourceTree = "<group>"; };
		4B91F8C52034176C003AFA78 /* OpenGL.framework */ = {isa = PBXFileReference; lastKnownFileType = wrapper.framework; name = OpenGL.framework; path = System/Library/Frameworks/OpenGL.framework; sourceTree = SDKROOT; };
		4B91F8C720341775003AFA78 /* GLUT.framework */ = {isa = PBXFileReference; lastKnownFileType = wrapper.framework; name = GLUT.framework; path = System/Library/Frameworks/GLUT.framework; sourceTree = SDKROOT; };
/* End PBXFileReference section */

/* Begin PBXFrameworksBuildPhase section */
		4B91F8A22033F260003AFA78 /* Frameworks */ = {
			isa = PBXFrameworksBuildPhase;
			buildActionMask = 2147483647;
			files = (
				4B91F8C62034176C003AFA78 /* OpenGL.framework in Frameworks */,
			);
			runOnlyForDeploymentPostprocessing = 0;
		};
/* End PBXFrameworksBuildPhase section */

/* Begin PBXGroup section */
		15D83C622046981A005A18CD /* Framework */ = {
			isa = PBXGroup;
			children = (
				4B91F8B52033F3F7003AFA78 /* GameConstants.h */,
				4B91F8B82033F3F7003AFA78 /* GameController.cpp */,
				4B91F8BA2033F3F7003AFA78 /* GameController.h */,
				4B91F8B12033F3F7003AFA78 /* GameWorld.cpp */,
				4B91F8BB2033F3F7003AFA78 /* GameWorld.h */,
				4B91F8AF2033F3F7003AFA78 /* GraphObject.h */,
				4B91F8B42033F3F7003AFA78 /* main.cpp */,
				4B91F8BD2033F3F8003AFA78 /* SoundFX.h */,
				4B91F8BC2033F3F7003AFA78 /* SpriteManager.h */,
			);
			name = Framework;
			sourceTree = "<group>";
		};
		15D83C6320469841005A18CD /* Goodie */ = {
			isa = PBXGroup;
			children = (
				15D83C5520469254005A18CD /* Goodie.cpp */,
				15D83C5620469254005A18CD /* Goodie.h */,
				15D83C5820469766005A18CD /* ExtraLifeGoodie.cpp */,
				15D83C5920469766005A18CD /* ExtraLifeGoodie.h */,
				15D83C5B204697BB005A18CD /* RepairGoodie.cpp */,
				15D83C5C204697BB005A18CD /* RepairGoodie.h */,
				15D83C5D204697BB005A18CD /* TorpedoGoodie.cpp */,
				15D83C5E204697BC005A18CD /* TorpedoGoodie.h */,
			);
			name = Goodie;
			sourceTree = "<group>";
		};
		15D83C642046A5CD005A18CD /* DamageableObject */ = {
			isa = PBXGroup;
			children = (
				15D83C5220468F01005A18CD /* DamageableObject.cpp */,
				15D83C5320468F01005A18CD /* DamageableObject.h */,
				15D83C472046875C005A18CD /* NachenBlaster.cpp */,
				15D83C492046875C005A18CD /* NachenBlaster.h */,
				15D83C752047BDD7005A18CD /* Alien */,
			);
			name = DamageableObject;
			sourceTree = "<group>";
		};
		15D83C682046B3C1005A18CD /* Projectile */ = {
			isa = PBXGroup;
			children = (
				15D83C692046B402005A18CD /* Projectile.cpp */,
				15D83C6A2046B402005A18CD /* Projectile.h */,
				15D83C4F20468C9C005A18CD /* Cabbage.cpp */,
				15D83C5020468C9C005A18CD /* Cabbage.h */,
				15D83C6C2047A337005A18CD /* Turnip.cpp */,
				15D83C6D2047A337005A18CD /* Turnip.h */,
				15D83C6F2047B5B6005A18CD /* PlayerLaunchedTorpedo.cpp */,
				15D83C702047B5B6005A18CD /* PlayerLaunchedTorpedo.h */,
				15D83C722047B82E005A18CD /* AlienLaunchedTorpedo.cpp */,
				15D83C732047B82E005A18CD /* AlienLaunchedTorpedo.h */,
			);
			name = Projectile;
			sourceTree = "<group>";
		};
		15D83C752047BDD7005A18CD /* Alien */ = {
			isa = PBXGroup;
			children = (
				15D83C652046A763005A18CD /* Alien.cpp */,
				15D83C662046A763005A18CD /* Alien.h */,
				15D83C792048C4AF005A18CD /* Smallgon.cpp */,
				15D83C7A2048C4AF005A18CD /* Smallgon.h */,
				15D83C762048BEBF005A18CD /* Smoregon.cpp */,
				15D83C772048BEBF005A18CD /* Smoregon.h */,
				15D83C7C2048C5EF005A18CD /* Snagglegon.cpp */,
				15D83C7D2048C5EF005A18CD /* Snagglegon.h */,
			);
			name = Alien;
			sourceTree = "<group>";
		};
		4B91F89C2033F260003AFA78 = {
			isa = PBXGroup;
			children = (
				4B91F8A72033F260003AFA78 /* NachenBlaster */,
				4B91F8A62033F260003AFA78 /* Products */,
				4B91F8C42034176C003AFA78 /* Frameworks */,
			);
			sourceTree = "<group>";
		};
		4B91F8A62033F260003AFA78 /* Products */ = {
			isa = PBXGroup;
			children = (
				4B91F8A52033F260003AFA78 /* NachenBlaster */,
			);
			name = Products;
			sourceTree = "<group>";
		};
		4B91F8A72033F260003AFA78 /* NachenBlaster */ = {
			isa = PBXGroup;
			children = (
				15D83C622046981A005A18CD /* Framework */,
				15D83C642046A5CD005A18CD /* DamageableObject */,
				15D83C6320469841005A18CD /* Goodie */,
				15D83C682046B3C1005A18CD /* Projectile */,
				4B91F8B22033F3F7003AFA78 /* StudentWorld.cpp */,
				4B91F8BE2033F3F8003AFA78 /* StudentWorld.h */,
				4B91F8B62033F3F7003AFA78 /* Actor.cpp */,
				4B91F8B02033F3F7003AFA78 /* Actor.h */,
				15D83C462046875C005A18CD /* Star.cpp */,
				15D83C482046875C005A18CD /* Star.h */,
				15D83C4C20468821005A18CD /* Explosion.cpp */,
				15D83C4D20468821005A18CD /* Explosion.h */,
			);
			path = NachenBlaster;
			sourceTree = "<group>";
		};
		4B91F8C42034176C003AFA78 /* Frameworks */ = {
			isa = PBXGroup;
			children = (
				4B91F8C720341775003AFA78 /* GLUT.framework */,
				4B91F8C52034176C003AFA78 /* OpenGL.framework */,
			);
			name = Frameworks;
			sourceTree = "<group>";
		};
/* End PBXGroup section */

/* Begin PBXNativeTarget section */
		4B91F8A42033F260003AFA78 /* NachenBlaster */ = {
			isa = PBXNativeTarget;
			buildConfigurationList = 4B91F8AC2033F260003AFA78 /* Build configuration list for PBXNativeTarget "NachenBlaster" */;
			buildPhases = (
				4B91F8A12033F260003AFA78 /* Sources */,
				4B91F8A22033F260003AFA78 /* Frameworks */,
				4B91F8A32033F260003AFA78 /* CopyFiles */,
			);
			buildRules = (
			);
			dependencies = (
			);
			name = NachenBlaster;
			productName = NachenBlaster;
			productReference = 4B91F8A52033F260003AFA78 /* NachenBlaster */;
			productType = "com.apple.product-type.tool";
		};
/* End PBXNativeTarget section */

/* Begin PBXProject section */
		4B91F89D2033F260003AFA78 /* Project object */ = {
			isa = PBXProject;
			attributes = {
				LastUpgradeCheck = 0920;
				ORGANIZATIONNAME = "David Smallberg";
				TargetAttributes = {
					4B91F8A42033F260003AFA78 = {
						CreatedOnToolsVersion = 9.2;
						ProvisioningStyle = Automatic;
					};
				};
			};
			buildConfigurationList = 4B91F8A02033F260003AFA78 /* Build configuration list for PBXProject "NachenBlaster" */;
			compatibilityVersion = "Xcode 8.0";
			developmentRegion = en;
			hasScannedForEncodings = 0;
			knownRegions = (
				en,
			);
			mainGroup = 4B91F89C2033F260003AFA78;
			productRefGroup = 4B91F8A62033F260003AFA78 /* Products */;
			projectDirPath = "";
			projectRoot = "";
			targets = (
				4B91F8A42033F260003AFA78 /* NachenBlaster */,
			);
		};
/* End PBXProject section */

/* Begin PBXSourcesBuildPhase section */
		4B91F8A12033F260003AFA78 /* Sources */ = {
			isa = PBXSourcesBuildPhase;
			buildActionMask = 2147483647;
			files = (
				15D83C6B2046B402005A18CD /* Projectile.cpp in Sources */,
				15D83C4B2046875C005A18CD /* NachenBlaster.cpp in Sources */,
				15D83C6E2047A337005A18CD /* Turnip.cpp in Sources */,
				4B91F8C32033F3F8003AFA78 /* GameController.cpp in Sources */,
				15D83C742047B82E005A18CD /* AlienLaunchedTorpedo.cpp in Sources */,
				15D83C7B2048C4AF005A18CD /* Smallgon.cpp in Sources */,
				15D83C5720469254005A18CD /* Goodie.cpp in Sources */,
				15D83C5A20469766005A18CD /* ExtraLifeGoodie.cpp in Sources */,
				15D83C782048BEBF005A18CD /* Smoregon.cpp in Sources */,
				15D83C60204697BC005A18CD /* TorpedoGoodie.cpp in Sources */,
				15D83C712047B5B6005A18CD /* PlayerLaunchedTorpedo.cpp in Sources */,
				4B91F8C02033F3F8003AFA78 /* StudentWorld.cpp in Sources */,
				15D83C7E2048C5EF005A18CD /* Snagglegon.cpp in Sources */,
				15D83C5420468F01005A18CD /* DamageableObject.cpp in Sources */,
				4B91F8BF2033F3F8003AFA78 /* GameWorld.cpp in Sources */,
				15D83C4A2046875C005A18CD /* Star.cpp in Sources */,
				4B91F8C12033F3F8003AFA78 /* main.cpp in Sources */,
				4B91F8C22033F3F8003AFA78 /* Actor.cpp in Sources */,
				15D83C4E20468821005A18CD /* Explosion.cpp in Sources */,
				15D83C672046A763005A18CD /* Alien.cpp in Sources */,
				15D83C5F204697BC005A18CD /* RepairGoodie.cpp in Sources */,
				15D83C5120468C9C005A18CD /* Cabbage.cpp in Sources */,
			);
			runOnlyForDeploymentPostprocessing = 0;
		};
/* End PBXSourcesBuildPhase section */

/* Begin XCBuildConfiguration section */
		4B91F8AA2033F260003AFA78 /* Debug */ = {
			isa = XCBuildConfiguration;
			buildSettings = {
				ALWAYS_SEARCH_USER_PATHS = NO;
				CLANG_ANALYZER_NONNULL = YES;
				CLANG_ANALYZER_NUMBER_OBJECT_CONVERSION = YES_AGGRESSIVE;
				CLANG_CXX_LANGUAGE_STANDARD = "gnu++14";
				CLANG_CXX_LIBRARY = "libc++";
				CLANG_ENABLE_MODULES = YES;
				CLANG_ENABLE_OBJC_ARC = YES;
				CLANG_WARN_BLOCK_CAPTURE_AUTORELEASING = YES;
				CLANG_WARN_BOOL_CONVERSION = YES;
				CLANG_WARN_COMMA = YES;
				CLANG_WARN_CONSTANT_CONVERSION = YES;
				CLANG_WARN_DIRECT_OBJC_ISA_USAGE = YES_ERROR;
				CLANG_WARN_DOCUMENTATION_COMMENTS = YES;
				CLANG_WARN_EMPTY_BODY = YES;
				CLANG_WARN_ENUM_CONVERSION = YES;
				CLANG_WARN_INFINITE_RECURSION = YES;
				CLANG_WARN_INT_CONVERSION = YES;
				CLANG_WARN_NON_LITERAL_NULL_CONVERSION = YES;
				CLANG_WARN_OBJC_LITERAL_CONVERSION = YES;
				CLANG_WARN_OBJC_ROOT_CLASS = YES_ERROR;
				CLANG_WARN_RANGE_LOOP_ANALYSIS = YES;
				CLANG_WARN_STRICT_PROTOTYPES = YES;
				CLANG_WARN_SUSPICIOUS_MOVE = YES;
				CLANG_WARN_UNGUARDED_AVAILABILITY = YES_AGGRESSIVE;
				CLANG_WARN_UNREACHABLE_CODE = YES;
				CLANG_WARN__DUPLICATE_METHOD_MATCH = YES;
				CODE_SIGN_IDENTITY = "-";
				COPY_PHASE_STRIP = NO;
				DEBUG_INFORMATION_FORMAT = dwarf;
				ENABLE_STRICT_OBJC_MSGSEND = YES;
				ENABLE_TESTABILITY = YES;
				GCC_C_LANGUAGE_STANDARD = gnu11;
				GCC_DYNAMIC_NO_PIC = NO;
				GCC_NO_COMMON_BLOCKS = YES;
				GCC_OPTIMIZATION_LEVEL = 0;
				GCC_PREPROCESSOR_DEFINITIONS = (
					"DEBUG=1",
					"$(inherited)",
				);
				GCC_WARN_64_TO_32_BIT_CONVERSION = YES;
				GCC_WARN_ABOUT_RETURN_TYPE = YES_ERROR;
				GCC_WARN_UNDECLARED_SELECTOR = YES;
				GCC_WARN_UNINITIALIZED_AUTOS = YES_AGGRESSIVE;
				GCC_WARN_UNUSED_FUNCTION = YES;
				GCC_WARN_UNUSED_VARIABLE = YES;
				MACOSX_DEPLOYMENT_TARGET = 10.12;
				MTL_ENABLE_DEBUG_INFO = YES;
				ONLY_ACTIVE_ARCH = YES;
				SDKROOT = macosx;
			};
			name = Debug;
		};
		4B91F8AB2033F260003AFA78 /* Release */ = {
			isa = XCBuildConfiguration;
			buildSettings = {
				ALWAYS_SEARCH_USER_PATHS = NO;
				CLANG_ANALYZER_NONNULL = YES;
				CLANG_ANALYZER_NUMBER_OBJECT_CONVERSION = YES_AGGRESSIVE;
				CLANG_CXX_LANGUAGE_STANDARD = "gnu++14";
				CLANG_CXX_LIBRARY = "libc++";
				CLANG_ENABLE_MODULES = YES;
				CLANG_ENABLE_OBJC_ARC = YES;
				CLANG_WARN_BLOCK_CAPTURE_AUTORELEASING = YES;
				CLANG_WARN_BOOL_CONVERSION = YES;
				CLANG_WARN_COMMA = YES;
				CLANG_WARN_CONSTANT_CONVERSION = YES;
				CLANG_WARN_DIRECT_OBJC_ISA_USAGE = YES_ERROR;
				CLANG_WARN_DOCUMENTATION_COMMENTS = YES;
				CLANG_WARN_EMPTY_BODY = YES;
				CLANG_WARN_ENUM_CONVERSION = YES;
				CLANG_WARN_INFINITE_RECURSION = YES;
				CLANG_WARN_INT_CONVERSION = YES;
				CLANG_WARN_NON_LITERAL_NULL_CONVERSION = YES;
				CLANG_WARN_OBJC_LITERAL_CONVERSION = YES;
				CLANG_WARN_OBJC_ROOT_CLASS = YES_ERROR;
				CLANG_WARN_RANGE_LOOP_ANALYSIS = YES;
				CLANG_WARN_STRICT_PROTOTYPES = YES;
				CLANG_WARN_SUSPICIOUS_MOVE = YES;
				CLANG_WARN_UNGUARDED_AVAILABILITY = YES_AGGRESSIVE;
				CLANG_WARN_UNREACHABLE_CODE = YES;
				CLANG_WARN__DUPLICATE_METHOD_MATCH = YES;
				CODE_SIGN_IDENTITY = "-";
				COPY_PHASE_STRIP = NO;
				DEBUG_INFORMATION_FORMAT = "dwarf-with-dsym";
				ENABLE_NS_ASSERTIONS = NO;
				ENABLE_STRICT_OBJC_MSGSEND = YES;
				GCC_C_LANGUAGE_STANDARD = gnu11;
				GCC_NO_COMMON_BLOCKS = YES;
				GCC_WARN_64_TO_32_BIT_CONVERSION = YES;
				GCC_WARN_ABOUT_RETURN_TYPE = YES_ERROR;
				GCC_WARN_UNDECLARED_SELECTOR = YES;
				GCC_WARN_UNINITIALIZED_AUTOS = YES_AGGRESSIVE;
				GCC_WARN_UNUSED_FUNCTION = YES;
				GCC_WARN_UNUSED_VARIABLE = YES;
				MACOSX_DEPLOYMENT_TARGET = 10.12;
				MTL_ENABLE_DEBUG_INFO = NO;
				SDKROOT = macosx;
			};
			name = Release;
		};
		4B91F8AD2033F260003AFA78 /* Debug */ = {
			isa = XCBuildConfiguration;
			buildSettings = {
				CODE_SIGN_STYLE = Automatic;
				"HEADER_SEARCH_PATHS[arch=*]" = /usr/local/Cellar/freeglut/3.0.0/include/GL;
				"LIBRARY_SEARCH_PATHS[arch=*]" = /usr/local/Cellar/freeglut/3.0.0/lib;
				MACOSX_DEPLOYMENT_TARGET = 10.10;
				"OTHER_LDFLAGS[arch=*]" = "-lglut";
				PRODUCT_NAME = "$(TARGET_NAME)";
			};
			name = Debug;
		};
		4B91F8AE2033F260003AFA78 /* Release */ = {
			isa = XCBuildConfiguration;
			buildSettings = {
				CODE_SIGN_STYLE = Automatic;
				"HEADER_SEARCH_PATHS[arch=*]" = /usr/local/Cellar/freeglut/3.0.0/include/GL;
				"LIBRARY_SEARCH_PATHS[arch=*]" = /usr/local/Cellar/freeglut/3.0.0/lib;
				MACOSX_DEPLOYMENT_TARGET = 10.10;
				"OTHER_LDFLAGS[arch=*]" = "-lglut";
				PRODUCT_NAME = "$(TARGET_NAME)";
			};
			name = Release;
		};
/* End XCBuildConfiguration section */

/* Begin XCConfigurationList section */
		4B91F8A02033F260003AFA78 /* Build configuration list for PBXProject "NachenBlaster" */ = {
			isa = XCConfigurationList;
			buildConfigurations = (
				4B91F8AA2033F260003AFA78 /* Debug */,
				4B91F8AB2033F260003AFA78 /* Release */,
			);
			defaultConfigurationIsVisible = 0;
			defaultConfigurationName = Release;
		};
		4B91F8AC2033F260003AFA78 /* Build configuration list for PBXNativeTarget "NachenBlaster" */ = {
			isa = XCConfigurationList;
			buildConfigurations = (
				4B91F8AD2033F260003AFA78 /* Debug */,
				4B91F8AE2033F260003AFA78 /* Release */,
			);
			defaultConfigurationIsVisible = 0;
			defaultConfigurationName = Release;
		};
/* End XCConfigurationList section */
	};
	rootObject = 4B91F89D2033F260003AFA78 /* Project object */;
}
